
Microsoft Visual Studio Solution File, Format Version 11.00
# Visual Studio 2010
Project("{FAE04EC0-301F-11D3-BF4B-00C04F79EFBC}") = "Medical Number Generator", "Medical Number Generator\Medical Number Generator.csproj", "{307C75A5-2EB6-43E8-9027-14BD1E7D520E}"
EndProject
Global
	GlobalSection(SolutionConfigurationPlatforms) = preSolution
		Debug|Any CPU = Debug|Any CPU
		Release|Any CPU = Release|Any CPU
	EndGlobalSection
	GlobalSection(ProjectConfigurationPlatforms) = postSolution
		{307C75A5-2EB6-43E8-9027-14BD1E7D520E}.Debug|Any CPU.ActiveCfg = Debug|Any CPU
		{307C75A5-2EB6-43E8-9027-14BD1E7D520E}.Debug|Any CPU.Build.0 = Debug|Any CPU
		{307C75A5-2EB6-43E8-9027-14BD1E7D520E}.Release|Any CPU.ActiveCfg = Release|Any CPU
		{307C75A5-2EB6-43E8-9027-14BD1E7D520E}.Release|Any CPU.Build.0 = Release|Any CPU
	EndGlobalSection
	GlobalSection(SolutionProperties) = preSolution
		HideSolutionNode = FALSE
	EndGlobalSection
EndGlobal
